# This file is autogenerated, do not edit; changes may be undone by the next 'dep ensure'.


[[projects]]
  name = "github.com/gpestana/htmlizer"
  packages = ["."]
  revision = "76498b8c7d3d98b7669e81f7a60ca13aa217b106"
  version = "v1.0"

[[projects]]
  branch = "master"
  name = "golang.org/x/net"
  packages = [
    "html",
    "html/atom"
  ]
  revision = "6078986fec03a1dcc236c34816c71b0e05018fda"

[solve-meta]
  analyzer-name = "dep"
  analyzer-version = 1
  inputs-digest = "80a4658ec29c422dc591fc784363fb3576394a39ae95a7f066c1b9ab45781ba1"
  solver-name = "gps-cdcl"
  solver-version = 1
